# This file is automatically @generated by Poetry 1.5.1 and should not be changed by hand.

[[package]]
name = "protobuf"
version = "4.24.1"
description = ""
optional = false
python-versions = ">=3.7"
files = [
    {file = "protobuf-4.24.1-cp310-abi3-win32.whl", hash = "sha256:d414199ca605eeb498adc4d2ba82aedc0379dca4a7c364ff9bc9a179aa28e71b"},
    {file = "protobuf-4.24.1-cp310-abi3-win_amd64.whl", hash = "sha256:5906c5e79ff50fe38b2d49d37db5874e3c8010826f2362f79996d83128a8ed9b"},
    {file = "protobuf-4.24.1-cp37-abi3-macosx_10_9_universal2.whl", hash = "sha256:970c701ee16788d74f3de20938520d7a0aebc7e4fff37096a48804c80d2908cf"},
    {file = "protobuf-4.24.1-cp37-abi3-manylinux2014_aarch64.whl", hash = "sha256:fc361148e902949dcb953bbcb148c99fe8f8854291ad01107e4120361849fd0e"},
    {file = "protobuf-4.24.1-cp37-abi3-manylinux2014_x86_64.whl", hash = "sha256:5d32363d14aca6e5c9e9d5918ad8fb65b091b6df66740ae9de50ac3916055e43"},
    {file = "protobuf-4.24.1-cp37-cp37m-win32.whl", hash = "sha256:df015c47d6855b8efa0b9be706c70bf7f050a4d5ac6d37fb043fbd95157a0e25"},
    {file = "protobuf-4.24.1-cp37-cp37m-win_amd64.whl", hash = "sha256:d4af4fd9e9418e819be30f8df2a16e72fbad546a7576ac7f3653be92a6966d30"},
    {file = "protobuf-4.24.1-cp38-cp38-win32.whl", hash = "sha256:302e8752c760549ed4c7a508abc86b25d46553c81989343782809e1a062a2ef9"},
    {file = "protobuf-4.24.1-cp38-cp38-win_amd64.whl", hash = "sha256:06437f0d4bb0d5f29e3d392aba69600188d4be5ad1e0a3370e581a9bf75a3081"},
    {file = "protobuf-4.24.1-cp39-cp39-win32.whl", hash = "sha256:0b2b224e9541fe9f046dd7317d05f08769c332b7e4c54d93c7f0f372dedb0b1a"},
    {file = "protobuf-4.24.1-cp39-cp39-win_amd64.whl", hash = "sha256:bd39b9094a4cc003a1f911b847ab379f89059f478c0b611ba1215053e295132e"},
    {file = "protobuf-4.24.1-py3-none-any.whl", hash = "sha256:55dd644adc27d2a624339332755fe077c7f26971045b469ebb9732a69ce1f2ca"},
    {file = "protobuf-4.24.1.tar.gz", hash = "sha256:44837a5ed9c9418ad5d502f89f28ba102e9cd172b6668bc813f21716f9273348"},
]

[[package]]
name = "python-dateutil"
version = "2.8.2"
description = "Extensions to the standard Python datetime module"
optional = false
python-versions = "!=3.0.*,!=3.1.*,!=3.2.*,>=2.7"
files = [
    {file = "python-dateutil-2.8.2.tar.gz", hash = "sha256:0123cacc1627ae19ddf3c27a5de5bd67ee4586fbdd6440d9748f8abb483d3e86"},
    {file = "python_dateutil-2.8.2-py2.py3-none-any.whl", hash = "sha256:961d03dc3453ebbc59dbdea9e4e11c5651520a876d0f4db161e8674aae935da9"},
]

[package.dependencies]
six = ">=1.5"

[[package]]
name = "six"
version = "1.16.0"
description = "Python 2 and 3 compatibility utilities"
optional = false
python-versions = ">=2.7, !=3.0.*, !=3.1.*, !=3.2.*"
files = [
    {file = "six-1.16.0-py2.py3-none-any.whl", hash = "sha256:8abb2f1d86890a2dfb989f9a77cfcfd3e47c2a354b01111771326f8aa26e0254"},
    {file = "six-1.16.0.tar.gz", hash = "sha256:1e61c37477a1626458e36f7b1d82aa5c9b094fa4802892072e49de9c60c4c926"},
]

[[package]]
name = "temporalio"
version = "1.3.0"
description = "Temporal.io Python SDK"
optional = false
python-versions = ">=3.7,<4.0"
files = [
    {file = "temporalio-1.3.0-cp37-abi3-macosx_10_9_x86_64.whl", hash = "sha256:174c4bd116df56ad9e07f7ca12fc4153af48df0bf95ae7de9753169af7db7ac7"},
    {file = "temporalio-1.3.0-cp37-abi3-manylinux2014_aarch64.manylinux_2_17_aarch64.whl", hash = "sha256:5d169e0a82f014d59b628a9a51a24baed78c770ebb6abe85bdd17ca50a9abffe"},
    {file = "temporalio-1.3.0-cp37-abi3-manylinux2014_x86_64.manylinux_2_17_x86_64.whl", hash = "sha256:3ba8ab00b1a7a9444220f19e49557659901a00901a11eb9787886f2a19539699"},
    {file = "temporalio-1.3.0-cp37-abi3-win_amd64.whl", hash = "sha256:6f98de2414167e341cf16d7d9aab4ef3fe6ea5381867cd2dfa85564a5109d17b"},
    {file = "temporalio-1.3.0-cp38-abi3-macosx_11_0_arm64.whl", hash = "sha256:8dd07c5e6bd3b5c8ef211b6761d9a00f647481b703b43931e8ff161e4a59e23d"},
    {file = "temporalio-1.3.0.tar.gz", hash = "sha256:0eab4916ec9383d59364ab764e6b7e1aa7df8189c5ade969de4bac4e121c95fd"},
]

[package.dependencies]
protobuf = ">=3.20"
python-dateutil = {version = ">=2.8.2,<3.0.0", markers = "python_version < \"3.11\""}
types-protobuf = ">=3.20"
typing-extensions = ">=4.2.0,<5.0.0"

[package.extras]
grpc = ["grpcio (>=1.48.0,<2.0.0)"]
opentelemetry = ["opentelemetry-api (>=1.11.1,<2.0.0)", "opentelemetry-sdk (>=1.11.1,<2.0.0)"]

[[package]]
name = "types-protobuf"
version = "4.24.0.1"
description = "Typing stubs for protobuf"
optional = false
python-versions = "*"
files = [
    {file = "types-protobuf-4.24.0.1.tar.gz", hash = "sha256:90adea3b693d6a40d8ef075c58fe6b5cc6e01fe1496301a7e6fc70398dcff92e"},
    {file = "types_protobuf-4.24.0.1-py3-none-any.whl", hash = "sha256:df203a204e4ae97d4cca4c9cf725262579dd7857a19f9e7fc74871ccfa073c01"},
]

[[package]]
name = "typing-extensions"
version = "4.7.1"
description = "Backported and Experimental Type Hints for Python 3.7+"
optional = false
python-versions = ">=3.7"
files = [
    {file = "typing_extensions-4.7.1-py3-none-any.whl", hash = "sha256:440d5dd3af93b060174bf433bccd69b0babc3b15b1a8dca43789fd7f61514b36"},
    {file = "typing_extensions-4.7.1.tar.gz", hash = "sha256:b75ddc264f0ba5615db7ba217daeb99701ad295353c45f9e95963337ceeeffb2"},
]

[[package]]
name = "userdomain"
version = "0.1.1"
description = ""
optional = false
python-versions = "^3.10"
files = [
    {file = "userdomain-0.1.1.tar.gz", hash = "sha256:40181ba5fda5d945db00488a1c6d12b96699a94b07fc0ebef3c812b6bf70e333"},
]

[package.source]
type = "file"
url = "../userdomain/dist/userdomain-0.1.1.tar.gz"

[metadata]
lock-version = "2.0"
python-versions = "^3.10"
content-hash = "16adcfc5a57e676cae74240beafe853b9e5339a09f04a6ceefcf1f907f7489be"
